// !$*UTF8*$!
{
	archiveVersion = 1;
	classes = {
	};
	objectVersion = 77;
	objects = {

/* Begin PBXContainerItemProxy section */
		6A1F0C012E5D6E66002AB221 /* PBXContainerItemProxy */ = {
			isa = PBXContainerItemProxy;
			containerPortal = 6A1F0BE62E5D6E65002AB221 /* Project object */;
			proxyType = 1;
			remoteGlobalIDString = 6A1F0BED2E5D6E65002AB221;
			remoteInfo = RideWeather;
		};
		6A1F0C0B2E5D6E66002AB221 /* PBXContainerItemProxy */ = {
			isa = PBXContainerItemProxy;
			containerPortal = 6A1F0BE62E5D6E65002AB221 /* Project object */;
			proxyType = 1;
			remoteGlobalIDString = 6A1F0BED2E5D6E65002AB221;
			remoteInfo = RideWeather;
		};
/* End PBXContainerItemProxy section */

/* Begin PBXFileReference section */
		6A1F0BEE2E5D6E65002AB221 /* RideWeather.app */ = {isa = PBXFileReference; explicitFileType = wrapper.application; includeInIndex = 0; path = RideWeather.app; sourceTree = BUILT_PRODUCTS_DIR; };
		6A1F0C002E5D6E66002AB221 /* RideWeatherTests.xctest */ = {isa = PBXFileReference; explicitFileType = wrapper.cfbundle; includeInIndex = 0; path = RideWeatherTests.xctest; sourceTree = BUILT_PRODUCTS_DIR; };
		6A1F0C0A2E5D6E66002AB221 /* RideWeatherUITests.xctest */ = {isa = PBXFileReference; explicitFileType = wrapper.cfbundle; includeInIndex = 0; path = RideWeatherUITests.xctest; sourceTree = BUILT_PRODUCTS_DIR; };
/* End PBXFileReference section */

/* Begin PBXFileSystemSynchronizedBuildFileExceptionSet section */
		6A3DAE092E601C6F002B9AAD /* Exceptions for "RideWeather" folder in "RideWeather" target */ = {
			isa = PBXFileSystemSynchronizedBuildFileExceptionSet;
			membershipExceptions = (
				Info.plist,
			);
			target = 6A1F0BED2E5D6E65002AB221 /* RideWeather */;
		};
/* End PBXFileSystemSynchronizedBuildFileExceptionSet section */

/* Begin PBXFileSystemSynchronizedRootGroup section */
		6A1F0BF02E5D6E65002AB221 /* RideWeather */ = {
			isa = PBXFileSystemSynchronizedRootGroup;
			exceptions = (
				6A3DAE092E601C6F002B9AAD /* Exceptions for "RideWeather" folder in "RideWeather" target */,
			);
			path = RideWeather;
			sourceTree = "<group>";
		};
/* End PBXFileSystemSynchronizedRootGroup section */

/* Begin PBXFrameworksBuildPhase section */
		6A1F0BEB2E5D6E65002AB221 /* Frameworks */ = {
			isa = PBXFrameworksBuildPhase;
			buildActionMask = 2147483647;
			files = (
			);
			runOnlyForDeploymentPostprocessing = 0;
		};
		6A1F0BFD2E5D6E66002AB221 /* Frameworks */ = {
			isa = PBXFrameworksBuildPhase;
			buildActionMask = 2147483647;
			files = (
			);
			runOnlyForDeploymentPostprocessing = 0;
		};
		6A1F0C072E5D6E66002AB221 /* Frameworks */ = {
			isa = PBXFrameworksBuildPhase;
			buildActionMask = 2147483647;
			files = (
			);
			runOnlyForDeploymentPostprocessing = 0;
		};
/* End PBXFrameworksBuildPhase section */

/* Begin PBXGroup section */
		6A1F0BE52E5D6E65002AB221 = {
			isa = PBXGroup;
			children = (
				6A1F0BF02E5D6E65002AB221 /* RideWeather */,
				6A1F0BEF2E5D6E65002AB221 /* Products */,
			);
			sourceTree = "<group>";
		};
		6A1F0BEF2E5D6E65002AB221 /* Products */ = {
			isa = PBXGroup;
			children = (
				6A1F0BEE2E5D6E65002AB221 /* RideWeather.app */,
				6A1F0C002E5D6E66002AB221 /* RideWeatherTests.xctest */,
				6A1F0C0A2E5D6E66002AB221 /* RideWeatherUITests.xctest */,
			);
			name = Products;
			sourceTree = "<group>";
		};
/* End PBXGroup section */

/* Begin PBXNativeTarget section */
		6A1F0BED2E5D6E65002AB221 /* RideWeather */ = {
			isa = PBXNativeTarget;
			buildConfigurationList = 6A1F0C142E5D6E66002AB221 /* Build configuration list for PBXNativeTarget "RideWeather" */;
			buildPhases = (
				6A1F0BEA2E5D6E65002AB221 /* Sources */,
				6A1F0BEB2E5D6E65002AB221 /* Frameworks */,
				6A1F0BEC2E5D6E65002AB221 /* Resources */,
			);
			buildRules = (
			);
			dependencies = (
			);
			fileSystemSynchronizedGroups = (
				6A1F0BF02E5D6E65002AB221 /* RideWeather */,
			);
			name = RideWeather;
			packageProductDependencies = (
			);
			productName = RideWeather;
			productReference = 6A1F0BEE2E5D6E65002AB221 /* RideWeather.app */;
			productType = "com.apple.product-type.application";
		};
		6A1F0BFF2E5D6E66002AB221 /* RideWeatherTests */ = {
			isa = PBXNativeTarget;
			buildConfigurationList = 6A1F0C172E5D6E66002AB221 /* Build configuration list for PBXNativeTarget "RideWeatherTests" */;
			buildPhases = (
				6A1F0BFC2E5D6E66002AB221 /* Sources */,
				6A1F0BFD2E5D6E66002AB221 /* Frameworks */,
				6A1F0BFE2E5D6E66002AB221 /* Resources */,
			);
			buildRules = (
			);
			dependencies = (
				6A1F0C022E5D6E66002AB221 /* PBXTargetDependency */,
			);
			name = RideWeatherTests;
			packageProductDependencies = (
			);
			productName = RideWeatherTests;
			productReference = 6A1F0C002E5D6E66002AB221 /* RideWeatherTests.xctest */;
			productType = "com.apple.product-type.bundle.unit-test";
		};
		6A1F0C092E5D6E66002AB221 /* RideWeatherUITests */ = {
			isa = PBXNativeTarget;
			buildConfigurationList = 6A1F0C1A2E5D6E66002AB221 /* Build configuration list for PBXNativeTarget "RideWeatherUITests" */;
			buildPhases = (
				6A1F0C062E5D6E66002AB221 /* Sources */,
				6A1F0C072E5D6E66002AB221 /* Frameworks */,
				6A1F0C082E5D6E66002AB221 /* Resources */,
			);
			buildRules = (
			);
			dependencies = (
				6A1F0C0C2E5D6E66002AB221 /* PBXTargetDependency */,
			);
			name = RideWeatherUITests;
			packageProductDependencies = (
			);
			productName = RideWeatherUITests;
			productReference = 6A1F0C0A2E5D6E66002AB221 /* RideWeatherUITests.xctest */;
			productType = "com.apple.product-type.bundle.ui-testing";
		};
/* End PBXNativeTarget section */

/* Begin PBXProject section */
		6A1F0BE62E5D6E65002AB221 /* Project object */ = {
			isa = PBXProject;
			attributes = {
				BuildIndependentTargetsInParallel = 1;
				LastSwiftUpdateCheck = 1640;
				LastUpgradeCheck = 1640;
				TargetAttributes = {
					6A1F0BED2E5D6E65002AB221 = {
						CreatedOnToolsVersion = 16.4;
					};
					6A1F0BFF2E5D6E66002AB221 = {
						CreatedOnToolsVersion = 16.4;
						TestTargetID = 6A1F0BED2E5D6E65002AB221;
					};
					6A1F0C092E5D6E66002AB221 = {
						CreatedOnToolsVersion = 16.4;
						TestTargetID = 6A1F0BED2E5D6E65002AB221;
					};
				};
			};
			buildConfigurationList = 6A1F0BE92E5D6E65002AB221 /* Build configuration list for PBXProject "RideWeather" */;
			developmentRegion = en;
			hasScannedForEncodings = 0;
			knownRegions = (
				en,
				Base,
				nl,
			);
			mainGroup = 6A1F0BE52E5D6E65002AB221;
			minimizedProjectReferenceProxies = 1;
			preferredProjectObjectVersion = 77;
			productRefGroup = 6A1F0BEF2E5D6E65002AB221 /* Products */;
			projectDirPath = "";
			projectRoot = "";
			targets = (
				6A1F0BED2E5D6E65002AB221 /* RideWeather */,
				6A1F0BFF2E5D6E66002AB221 /* RideWeatherTests */,
				6A1F0C092E5D6E66002AB221 /* RideWeatherUITests */,
			);
		};
/* End PBXProject section */

/* Begin PBXResourcesBuildPhase section */
		6A1F0BEC2E5D6E65002AB221 /* Resources */ = {
			isa = PBXResourcesBuildPhase;
			buildActionMask = 2147483647;
			files = (
			);
			runOnlyForDeploymentPostprocessing = 0;
		};
		6A1F0BFE2E5D6E66002AB221 /* Resources */ = {
			isa = PBXResourcesBuildPhase;
			buildActionMask = 2147483647;
			files = (
			);
			runOnlyForDeploymentPostprocessing = 0;
		};
		6A1F0C082E5D6E66002AB221 /* Resources */ = {
			isa = PBXResourcesBuildPhase;
			buildActionMask = 2147483647;
			files = (
			);
			runOnlyForDeploymentPostprocessing = 0;
		};
/* End PBXResourcesBuildPhase section */

/* Begin PBXSourcesBuildPhase section */
		6A1F0BEA2E5D6E65002AB221 /* Sources */ = {
			isa = PBXSourcesBuildPhase;
			buildActionMask = 2147483647;
			files = (
			);
			runOnlyForDeploymentPostprocessing = 0;
		};
		6A1F0BFC2E5D6E66002AB221 /* Sources */ = {
			isa = PBXSourcesBuildPhase;
			buildActionMask = 2147483647;
			files = (
			);
			runOnlyForDeploymentPostprocessing = 0;
		};
		6A1F0C062E5D6E66002AB221 /* Sources */ = {
			isa = PBXSourcesBuildPhase;
			buildActionMask = 2147483647;
			files = (
			);
			runOnlyForDeploymentPostprocessing = 0;
		};
/* End PBXSourcesBuildPhase section */

/* Begin PBXTargetDependency section */
		6A1F0C022E5D6E66002AB221 /* PBXTargetDependency */ = {
			isa = PBXTargetDependency;
			target = 6A1F0BED2E5D6E65002AB221 /* RideWeather */;
			targetProxy = 6A1F0C012E5D6E66002AB221 /* PBXContainerItemProxy */;
		};
		6A1F0C0C2E5D6E66002AB221 /* PBXTargetDependency */ = {
			isa = PBXTargetDependency;
			target = 6A1F0BED2E5D6E65002AB221 /* RideWeather */;
			targetProxy = 6A1F0C0B2E5D6E66002AB221 /* PBXContainerItemProxy */;
		};
/* End PBXTargetDependency section */

/* Begin XCBuildConfiguration section */
		6A1F0C122E5D6E66002AB221 /* Debug */ = {
			isa = XCBuildConfiguration;
			buildSettings = {
				ALWAYS_SEARCH_USER_PATHS = NO;
				ASSETCATALOG_COMPILER_GENERATE_SWIFT_ASSET_SYMBOL_EXTENSIONS = YES;
				CLANG_ANALYZER_NONNULL = YES;
				CLANG_ANALYZER_NUMBER_OBJECT_CONVERSION = YES_AGGRESSIVE;
				CLANG_CXX_LANGUAGE_STANDARD = "gnu++20";
				CLANG_ENABLE_MODULES = YES;
				CLANG_ENABLE_OBJC_ARC = YES;
				CLANG_ENABLE_OBJC_WEAK = YES;
				CLANG_WARN_BLOCK_CAPTURE_AUTORELEASING = YES;
				CLANG_WARN_BOOL_CONVERSION = YES;
				CLANG_WARN_COMMA = YES;
				CLANG_WARN_CONSTANT_CONVERSION = YES;
				CLANG_WARN_DEPRECATED_OBJC_IMPLEMENTATIONS = YES;
				CLANG_WARN_DIRECT_OBJC_ISA_USAGE = YES_ERROR;
				CLANG_WARN_DOCUMENTATION_COMMENTS = YES;
				CLANG_WARN_EMPTY_BODY = YES;
				CLANG_WARN_ENUM_CONVERSION = YES;
				CLANG_WARN_INFINITE_RECURSION = YES;
				CLANG_WARN_INT_CONVERSION = YES;
				CLANG_WARN_NON_LITERAL_NULL_CONVERSION = YES;
				CLANG_WARN_OBJC_IMPLICIT_RETAIN_SELF = YES;
				CLANG_WARN_OBJC_LITERAL_CONVERSION = YES;
				CLANG_WARN_OBJC_ROOT_CLASS = YES_ERROR;
				CLANG_WARN_QUOTED_INCLUDE_IN_FRAMEWORK_HEADER = YES;
				CLANG_WARN_RANGE_LOOP_ANALYSIS = YES;
				CLANG_WARN_STRICT_PROTOTYPES = YES;
				CLANG_WARN_SUSPICIOUS_MOVE = YES;
				CLANG_WARN_UNGUARDED_AVAILABILITY = YES_AGGRESSIVE;
				CLANG_WARN_UNREACHABLE_CODE = YES;
				CLANG_WARN__DUPLICATE_METHOD_MATCH = YES;
				COPY_PHASE_STRIP = NO;
				DEBUG_INFORMATION_FORMAT = dwarf;
				DEVELOPMENT_TEAM = 2MR425ZP7S;
				ENABLE_STRICT_OBJC_MSGSEND = YES;
				ENABLE_TESTABILITY = YES;
				ENABLE_USER_SCRIPT_SANDBOXING = YES;
				GCC_C_LANGUAGE_STANDARD = gnu17;
				GCC_DYNAMIC_NO_PIC = NO;
				GCC_NO_COMMON_BLOCKS = YES;
				GCC_OPTIMIZATION_LEVEL = 0;
				GCC_PREPROCESSOR_DEFINITIONS = (
					"DEBUG=1",
					"$(inherited)",
				);
				GCC_WARN_64_TO_32_BIT_CONVERSION = YES;
				GCC_WARN_ABOUT_RETURN_TYPE = YES_ERROR;
				GCC_WARN_UNDECLARED_SELECTOR = YES;
				GCC_WARN_UNINITIALIZED_AUTOS = YES_AGGRESSIVE;
				GCC_WARN_UNUSED_FUNCTION = YES;
				GCC_WARN_UNUSED_VARIABLE = YES;
				IPHONEOS_DEPLOYMENT_TARGET = 18.5;
				LOCALIZATION_PREFERS_STRING_CATALOGS = YES;
				MTL_ENABLE_DEBUG_INFO = INCLUDE_SOURCE;
				MTL_FAST_MATH = YES;
				ONLY_ACTIVE_ARCH = YES;
				SDKROOT = iphoneos;
				SWIFT_ACTIVE_COMPILATION_CONDITIONS = "DEBUG $(inherited)";
				SWIFT_OPTIMIZATION_LEVEL = "-Onone";
			};
			name = Debug;
		};
		6A1F0C132E5D6E66002AB221 /* Release */ = {
			isa = XCBuildConfiguration;
			buildSettings = {
				ALWAYS_SEARCH_USER_PATHS = NO;
				ASSETCATALOG_COMPILER_GENERATE_SWIFT_ASSET_SYMBOL_EXTENSIONS = YES;
				CLANG_ANALYZER_NONNULL = YES;
				CLANG_ANALYZER_NUMBER_OBJECT_CONVERSION = YES_AGGRESSIVE;
				CLANG_CXX_LANGUAGE_STANDARD = "gnu++20";
				CLANG_ENABLE_MODULES = YES;
				CLANG_ENABLE_OBJC_ARC = YES;
				CLANG_ENABLE_OBJC_WEAK = YES;
				CLANG_WARN_BLOCK_CAPTURE_AUTORELEASING = YES;
				CLANG_WARN_BOOL_CONVERSION = YES;
				CLANG_WARN_COMMA = YES;
				CLANG_WARN_CONSTANT_CONVERSION = YES;
				CLANG_WARN_DEPRECATED_OBJC_IMPLEMENTATIONS = YES;
				CLANG_WARN_DIRECT_OBJC_ISA_USAGE = YES_ERROR;
				CLANG_WARN_DOCUMENTATION_COMMENTS = YES;
				CLANG_WARN_EMPTY_BODY = YES;
				CLANG_WARN_ENUM_CONVERSION = YES;
				CLANG_WARN_INFINITE_RECURSION = YES;
				CLANG_WARN_INT_CONVERSION = YES;
				CLANG_WARN_NON_LITERAL_NULL_CONVERSION = YES;
				CLANG_WARN_OBJC_IMPLICIT_RETAIN_SELF = YES;
				CLANG_WARN_OBJC_LITERAL_CONVERSION = YES;
				CLANG_WARN_OBJC_ROOT_CLASS = YES_ERROR;
				CLANG_WARN_QUOTED_INCLUDE_IN_FRAMEWORK_HEADER = YES;
				CLANG_WARN_RANGE_LOOP_ANALYSIS = YES;
				CLANG_WARN_STRICT_PROTOTYPES = YES;
				CLANG_WARN_SUSPICIOUS_MOVE = YES;
				CLANG_WARN_UNGUARDED_AVAILABILITY = YES_AGGRESSIVE;
				CLANG_WARN_UNREACHABLE_CODE = YES;
				CLANG_WARN__DUPLICATE_METHOD_MATCH = YES;
				COPY_PHASE_STRIP = NO;
				DEBUG_INFORMATION_FORMAT = "dwarf-with-dsym";
				DEVELOPMENT_TEAM = 2MR425ZP7S;
				ENABLE_NS_ASSERTIONS = NO;
				ENABLE_STRICT_OBJC_MSGSEND = YES;
				ENABLE_USER_SCRIPT_SANDBOXING = YES;
				GCC_C_LANGUAGE_STANDARD = gnu17;
				GCC_NO_COMMON_BLOCKS = YES;
				GCC_WARN_64_TO_32_BIT_CONVERSION = YES;
				GCC_WARN_ABOUT_RETURN_TYPE = YES_ERROR;
				GCC_WARN_UNDECLARED_SELECTOR = YES;
				GCC_WARN_UNINITIALIZED_AUTOS = YES_AGGRESSIVE;
				GCC_WARN_UNUSED_FUNCTION = YES;
				GCC_WARN_UNUSED_VARIABLE = YES;
				IPHONEOS_DEPLOYMENT_TARGET = 18.5;
				LOCALIZATION_PREFERS_STRING_CATALOGS = YES;
				MTL_ENABLE_DEBUG_INFO = NO;
				MTL_FAST_MATH = YES;
				SDKROOT = iphoneos;
				SWIFT_COMPILATION_MODE = wholemodule;
				VALIDATE_PRODUCT = YES;
			};
			name = Release;
		};
		6A1F0C152E5D6E66002AB221 /* Debug */ = {
			isa = XCBuildConfiguration;
			buildSettings = {
				ASSETCATALOG_COMPILER_APPICON_NAME = AppIcon;
				ASSETCATALOG_COMPILER_GLOBAL_ACCENT_COLOR_NAME = AccentColor;
				CODE_SIGN_STYLE = Automatic;
				CURRENT_PROJECT_VERSION = 1;
				DEVELOPMENT_TEAM = 2MR425ZP7S;
				ENABLE_PREVIEWS = YES;
				GENERATE_INFOPLIST_FILE = YES;
				INFOPLIST_FILE = RideWeather/Info.plist;
				INFOPLIST_KEY_CFBundleDisplayName = RideWeather;
				INFOPLIST_KEY_LSApplicationCategoryType = "public.app-category.weather";
				INFOPLIST_KEY_LSSupportsOpeningDocumentsInPlace = YES;
				INFOPLIST_KEY_NSDocumentsFolderUsageDescription = "RideWeather heeft toegang tot je documenten nodig om GPX route bestanden te kunnen importeren.";
				INFOPLIST_KEY_NSLocationWhenInUseUsageDescription = "RideWeather gebruikt je locatie om plaatsnamen op te halen voor weer informatie op basis van GPX route coördinaten.";
				INFOPLIST_KEY_UIApplicationSceneManifest_Generation = YES;
				INFOPLIST_KEY_UIApplicationSupportsIndirectInputEvents = YES;
				INFOPLIST_KEY_UIFileSharingEnabled = YES;
				INFOPLIST_KEY_UILaunchScreen_Generation = YES;
				INFOPLIST_KEY_UISupportedInterfaceOrientations_iPad = "UIInterfaceOrientationPortrait UIInterfaceOrientationPortraitUpsideDown UIInterfaceOrientationLandscapeLeft UIInterfaceOrientationLandscapeRight";
				INFOPLIST_KEY_UISupportedInterfaceOrientations_iPhone = "UIInterfaceOrientationPortrait UIInterfaceOrientationLandscapeLeft UIInterfaceOrientationLandscapeRight";
				LD_RUNPATH_SEARCH_PATHS = (
					"$(inherited)",
					"@executable_path/Frameworks",
				);
				MARKETING_VERSION = 1.0.0;
				PRODUCT_BUNDLE_IDENTIFIER = be.castle14.RideWeather;
				PRODUCT_NAME = "$(TARGET_NAME)";
				SWIFT_EMIT_LOC_STRINGS = YES;
				SWIFT_VERSION = 5.0;
				TARGETED_DEVICE_FAMILY = "1,2";
			};
			name = Debug;
		};
		6A1F0C162E5D6E66002AB221 /* Release */ = {
			isa = XCBuildConfiguration;
			buildSettings = {
				ASSETCATALOG_COMPILER_APPICON_NAME = AppIcon;
				ASSETCATALOG_COMPILER_GLOBAL_ACCENT_COLOR_NAME = AccentColor;
				CODE_SIGN_STYLE = Automatic;
				CURRENT_PROJECT_VERSION = 1;
				DEVELOPMENT_TEAM = 2MR425ZP7S;
				ENABLE_PREVIEWS = YES;
				GENERATE_INFOPLIST_FILE = YES;
				INFOPLIST_FILE = RideWeather/Info.plist;
				INFOPLIST_KEY_CFBundleDisplayName = RideWeather;
				INFOPLIST_KEY_LSApplicationCategoryType = "public.app-category.weather";
				INFOPLIST_KEY_LSSupportsOpeningDocumentsInPlace = YES;
				INFOPLIST_KEY_NSDocumentsFolderUsageDescription = "RideWeather heeft toegang tot je documenten nodig om GPX route bestanden te kunnen importeren.";
				INFOPLIST_KEY_NSLocationWhenInUseUsageDescription = "RideWeather gebruikt je locatie om plaatsnamen op te halen voor weer informatie op basis van GPX route coördinaten.";
				INFOPLIST_KEY_UIApplicationSceneManifest_Generation = YES;
				INFOPLIST_KEY_UIApplicationSupportsIndirectInputEvents = YES;
				INFOPLIST_KEY_UIFileSharingEnabled = YES;
				INFOPLIST_KEY_UILaunchScreen_Generation = YES;
				INFOPLIST_KEY_UISupportedInterfaceOrientations_iPad = "UIInterfaceOrientationPortrait UIInterfaceOrientationPortraitUpsideDown UIInterfaceOrientationLandscapeLeft UIInterfaceOrientationLandscapeRight";
				INFOPLIST_KEY_UISupportedInterfaceOrientations_iPhone = "UIInterfaceOrientationPortrait UIInterfaceOrientationLandscapeLeft UIInterfaceOrientationLandscapeRight";
				LD_RUNPATH_SEARCH_PATHS = (
					"$(inherited)",
					"@executable_path/Frameworks",
				);
				MARKETING_VERSION = 1.0.0;
				PRODUCT_BUNDLE_IDENTIFIER = be.castle14.RideWeather;
				PRODUCT_NAME = "$(TARGET_NAME)";
				SWIFT_EMIT_LOC_STRINGS = YES;
				SWIFT_VERSION = 5.0;
				TARGETED_DEVICE_FAMILY = "1,2";
			};
			name = Release;
		};
		6A1F0C182E5D6E66002AB221 /* Debug */ = {
			isa = XCBuildConfiguration;
			buildSettings = {
				BUNDLE_LOADER = "$(TEST_HOST)";
				CODE_SIGN_STYLE = Automatic;
				CURRENT_PROJECT_VERSION = 1;
				DEVELOPMENT_TEAM = 2MR425ZP7S;
				GENERATE_INFOPLIST_FILE = YES;
				IPHONEOS_DEPLOYMENT_TARGET = 18.5;
				MARKETING_VERSION = 1.0;
				PRODUCT_BUNDLE_IDENTIFIER = be.castle14.RideWeatherTests;
				PRODUCT_NAME = "$(TARGET_NAME)";
				SWIFT_EMIT_LOC_STRINGS = NO;
				SWIFT_VERSION = 5.0;
				TARGETED_DEVICE_FAMILY = "1,2";
				TEST_HOST = "$(BUILT_PRODUCTS_DIR)/RideWeather.app/$(BUNDLE_EXECUTABLE_FOLDER_PATH)/RideWeather";
			};
			name = Debug;
		};
		6A1F0C192E5D6E66002AB221 /* Release */ = {
			isa = XCBuildConfiguration;
			buildSettings = {
				BUNDLE_LOADER = "$(TEST_HOST)";
				CODE_SIGN_STYLE = Automatic;
				CURRENT_PROJECT_VERSION = 1;
				DEVELOPMENT_TEAM = 2MR425ZP7S;
				GENERATE_INFOPLIST_FILE = YES;
				IPHONEOS_DEPLOYMENT_TARGET = 18.5;
				MARKETING_VERSION = 1.0;
				PRODUCT_BUNDLE_IDENTIFIER = be.castle14.RideWeatherTests;
				PRODUCT_NAME = "$(TARGET_NAME)";
				SWIFT_EMIT_LOC_STRINGS = NO;
				SWIFT_VERSION = 5.0;
				TARGETED_DEVICE_FAMILY = "1,2";
				TEST_HOST = "$(BUILT_PRODUCTS_DIR)/RideWeather.app/$(BUNDLE_EXECUTABLE_FOLDER_PATH)/RideWeather";
			};
			name = Release;
		};
		6A1F0C1B2E5D6E66002AB221 /* Debug */ = {
			isa = XCBuildConfiguration;
			buildSettings = {
				CODE_SIGN_STYLE = Automatic;
				CURRENT_PROJECT_VERSION = 1;
				DEVELOPMENT_TEAM = 2MR425ZP7S;
				GENERATE_INFOPLIST_FILE = YES;
				MARKETING_VERSION = 1.0;
				PRODUCT_BUNDLE_IDENTIFIER = be.castle14.RideWeatherUITests;
				PRODUCT_NAME = "$(TARGET_NAME)";
				SWIFT_EMIT_LOC_STRINGS = NO;
				SWIFT_VERSION = 5.0;
				TARGETED_DEVICE_FAMILY = "1,2";
				TEST_TARGET_NAME = RideWeather;
			};
			name = Debug;
		};
		6A1F0C1C2E5D6E66002AB221 /* Release */ = {
			isa = XCBuildConfiguration;
			buildSettings = {
				CODE_SIGN_STYLE = Automatic;
				CURRENT_PROJECT_VERSION = 1;
				DEVELOPMENT_TEAM = 2MR425ZP7S;
				GENERATE_INFOPLIST_FILE = YES;
				MARKETING_VERSION = 1.0;
				PRODUCT_BUNDLE_IDENTIFIER = be.castle14.RideWeatherUITests;
				PRODUCT_NAME = "$(TARGET_NAME)";
				SWIFT_EMIT_LOC_STRINGS = NO;
				SWIFT_VERSION = 5.0;
				TARGETED_DEVICE_FAMILY = "1,2";
				TEST_TARGET_NAME = RideWeather;
			};
			name = Release;
		};
/* End XCBuildConfiguration section */

/* Begin XCConfigurationList section */
		6A1F0BE92E5D6E65002AB221 /* Build configuration list for PBXProject "RideWeather" */ = {
			isa = XCConfigurationList;
			buildConfigurations = (
				6A1F0C122E5D6E66002AB221 /* Debug */,
				6A1F0C132E5D6E66002AB221 /* Release */,
			);
			defaultConfigurationIsVisible = 0;
			defaultConfigurationName = Release;
		};
		6A1F0C142E5D6E66002AB221 /* Build configuration list for PBXNativeTarget "RideWeather" */ = {
			isa = XCConfigurationList;
			buildConfigurations = (
				6A1F0C152E5D6E66002AB221 /* Debug */,
				6A1F0C162E5D6E66002AB221 /* Release */,
			);
			defaultConfigurationIsVisible = 0;
			defaultConfigurationName = Release;
		};
		6A1F0C172E5D6E66002AB221 /* Build configuration list for PBXNativeTarget "RideWeatherTests" */ = {
			isa = XCConfigurationList;
			buildConfigurations = (
				6A1F0C182E5D6E66002AB221 /* Debug */,
				6A1F0C192E5D6E66002AB221 /* Release */,
			);
			defaultConfigurationIsVisible = 0;
			defaultConfigurationName = Release;
		};
		6A1F0C1A2E5D6E66002AB221 /* Build configuration list for PBXNativeTarget "RideWeatherUITests" */ = {
			isa = XCConfigurationList;
			buildConfigurations = (
				6A1F0C1B2E5D6E66002AB221 /* Debug */,
				6A1F0C1C2E5D6E66002AB221 /* Release */,
			);
			defaultConfigurationIsVisible = 0;
			defaultConfigurationName = Release;
		};
/* End XCConfigurationList section */
	};
	rootObject = 6A1F0BE62E5D6E65002AB221 /* Project object */;
}
